
Microsoft Visual Studio Solution File, Format Version 12.00
# Visual Studio Version 17
VisualStudioVersion = 17.6.33815.320
MinimumVisualStudioVersion = 10.0.40219.1
Project("{8BC9CEB8-8B4A-11D0-8D11-00A0C91BC942}") = "Apex-Internal", "Apex-Internal\Apex-Internal.vcxproj", "{0D31831C-24CB-444E-B013-61B785CDE6DC}"
EndProject
Project("{8BC9CEB8-8B4A-11D0-8D11-00A0C91BC942}") = "kernel-loader", "..\..\Documents\Projects\external\kernel-loader-main\kernel-loader\kernel-loader.vcxproj", "{148DEF65-AD62-4F78-A2CB-F71657657F61}"
EndProject
Project("{8BC9CEB8-8B4A-11D0-8D11-00A0C91BC942}") = "EAC Emulation", "..\..\Documents\Projects\kernel\EAC Emulation\EAC Emulation\EAC Emulation.vcxproj", "{F79D30BB-0218-4013-8569-1C0CAA2CB55B}"
EndProject
Global
	GlobalSection(SolutionConfigurationPlatforms) = preSolution
		Debug|ARM64 = Debug|ARM64
		Debug|x64 = Debug|x64
		Debug|x86 = Debug|x86
		Release|ARM64 = Release|ARM64
		Release|x64 = Release|x64
		Release|x86 = Release|x86
	EndGlobalSection
	GlobalSection(ProjectConfigurationPlatforms) = postSolution
		{0D31831C-24CB-444E-B013-61B785CDE6DC}.Debug|ARM64.ActiveCfg = Debug|x64
		{0D31831C-24CB-444E-B013-61B785CDE6DC}.Debug|ARM64.Build.0 = Debug|x64
		{0D31831C-24CB-444E-B013-61B785CDE6DC}.Debug|x64.ActiveCfg = Debug|x64
		{0D31831C-24CB-444E-B013-61B785CDE6DC}.Debug|x64.Build.0 = Debug|x64
		{0D31831C-24CB-444E-B013-61B785CDE6DC}.Debug|x86.ActiveCfg = Debug|Win32
		{0D31831C-24CB-444E-B013-61B785CDE6DC}.Debug|x86.Build.0 = Debug|Win32
		{0D31831C-24CB-444E-B013-61B785CDE6DC}.Release|ARM64.ActiveCfg = Release|x64
		{0D31831C-24CB-444E-B013-61B785CDE6DC}.Release|ARM64.Build.0 = Release|x64
		{0D31831C-24CB-444E-B013-61B785CDE6DC}.Release|x64.ActiveCfg = Release|x64
		{0D31831C-24CB-444E-B013-61B785CDE6DC}.Release|x64.Build.0 = Release|x64
		{0D31831C-24CB-444E-B013-61B785CDE6DC}.Release|x86.ActiveCfg = Release|Win32
		{0D31831C-24CB-444E-B013-61B785CDE6DC}.Release|x86.Build.0 = Release|Win32
		{148DEF65-AD62-4F78-A2CB-F71657657F61}.Debug|ARM64.ActiveCfg = Debug|x64
		{148DEF65-AD62-4F78-A2CB-F71657657F61}.Debug|ARM64.Build.0 = Debug|x64
		{148DEF65-AD62-4F78-A2CB-F71657657F61}.Debug|x64.ActiveCfg = Debug|x64
		{148DEF65-AD62-4F78-A2CB-F71657657F61}.Debug|x64.Build.0 = Debug|x64
		{148DEF65-AD62-4F78-A2CB-F71657657F61}.Debug|x86.ActiveCfg = Debug|Win32
		{148DEF65-AD62-4F78-A2CB-F71657657F61}.Debug|x86.Build.0 = Debug|Win32
		{148DEF65-AD62-4F78-A2CB-F71657657F61}.Release|ARM64.ActiveCfg = Release|x64
		{148DEF65-AD62-4F78-A2CB-F71657657F61}.Release|ARM64.Build.0 = Release|x64
		{148DEF65-AD62-4F78-A2CB-F71657657F61}.Release|x64.ActiveCfg = Release|x64
		{148DEF65-AD62-4F78-A2CB-F71657657F61}.Release|x64.Build.0 = Release|x64
		{148DEF65-AD62-4F78-A2CB-F71657657F61}.Release|x86.ActiveCfg = Release|Win32
		{148DEF65-AD62-4F78-A2CB-F71657657F61}.Release|x86.Build.0 = Release|Win32
		{F79D30BB-0218-4013-8569-1C0CAA2CB55B}.Debug|ARM64.ActiveCfg = Debug|ARM64
		{F79D30BB-0218-4013-8569-1C0CAA2CB55B}.Debug|ARM64.Build.0 = Debug|ARM64
		{F79D30BB-0218-4013-8569-1C0CAA2CB55B}.Debug|ARM64.Deploy.0 = Debug|ARM64
		{F79D30BB-0218-4013-8569-1C0CAA2CB55B}.Debug|x64.ActiveCfg = Debug|x64
		{F79D30BB-0218-4013-8569-1C0CAA2CB55B}.Debug|x64.Build.0 = Debug|x64
		{F79D30BB-0218-4013-8569-1C0CAA2CB55B}.Debug|x64.Deploy.0 = Debug|x64
		{F79D30BB-0218-4013-8569-1C0CAA2CB55B}.Debug|x86.ActiveCfg = Debug|x64
		{F79D30BB-0218-4013-8569-1C0CAA2CB55B}.Debug|x86.Build.0 = Debug|x64
		{F79D30BB-0218-4013-8569-1C0CAA2CB55B}.Debug|x86.Deploy.0 = Debug|x64
		{F79D30BB-0218-4013-8569-1C0CAA2CB55B}.Release|ARM64.ActiveCfg = Release|ARM64
		{F79D30BB-0218-4013-8569-1C0CAA2CB55B}.Release|ARM64.Build.0 = Release|ARM64
		{F79D30BB-0218-4013-8569-1C0CAA2CB55B}.Release|ARM64.Deploy.0 = Release|ARM64
		{F79D30BB-0218-4013-8569-1C0CAA2CB55B}.Release|x64.ActiveCfg = Release|x64
		{F79D30BB-0218-4013-8569-1C0CAA2CB55B}.Release|x64.Build.0 = Release|x64
		{F79D30BB-0218-4013-8569-1C0CAA2CB55B}.Release|x86.ActiveCfg = Release|x64
		{F79D30BB-0218-4013-8569-1C0CAA2CB55B}.Release|x86.Build.0 = Release|x64
		{F79D30BB-0218-4013-8569-1C0CAA2CB55B}.Release|x86.Deploy.0 = Release|x64
	EndGlobalSection
	GlobalSection(SolutionProperties) = preSolution
		HideSolutionNode = FALSE
	EndGlobalSection
	GlobalSection(ExtensibilityGlobals) = postSolution
		SolutionGuid = {A4E032ED-11C5-4AE6-922D-E983F26EA63F}
	EndGlobalSection
EndGlobal
