<?xml version="1.0" encoding="utf-8"?>
<Project ToolsVersion="4.0" xmlns="http://schemas.microsoft.com/developer/msbuild/2003">
  <ItemGroup>
    <Filter Include="Source Files">
      <UniqueIdentifier>{4FC737F1-C7A5-4376-A066-2A32D752A2FF}</UniqueIdentifier>
      <Extensions>cpp;c;cc;cxx;c++;cppm;ixx;def;odl;idl;hpj;bat;asm;asmx</Extensions>
    </Filter>
    <Filter Include="Header Files">
      <UniqueIdentifier>{93995380-89BD-4b04-88EB-625FBE52EBFB}</UniqueIdentifier>
      <Extensions>h;hh;hpp;hxx;h++;hm;inl;inc;ipp;xsd</Extensions>
    </Filter>
    <Filter Include="Resource Files">
      <UniqueIdentifier>{67DA6AB6-F800-4c08-8B7A-83BB121AAD01}</UniqueIdentifier>
      <Extensions>rc;ico;cur;bmp;dlg;rc2;rct;bin;rgs;gif;jpg;jpeg;jpe;resx;tiff;tif;png;wav;mfcribbon-ms</Extensions>
    </Filter>
  </ItemGroup>
  <ItemGroup>
    <ClCompile Include="src\entry.cpp">
      <Filter>Source Files</Filter>
    </ClCompile>
    <ClCompile Include="includes\features\overlay\ImGui\imgui.cpp">
      <Filter>Source Files</Filter>
    </ClCompile>
    <ClCompile Include="includes\features\overlay\ImGui\imgui_color_gradient.cpp">
      <Filter>Source Files</Filter>
    </ClCompile>
    <ClCompile Include="includes\features\overlay\ImGui\imgui_demo.cpp">
      <Filter>Source Files</Filter>
    </ClCompile>
    <ClCompile Include="includes\features\overlay\ImGui\imgui_draw.cpp">
      <Filter>Source Files</Filter>
    </ClCompile>
    <ClCompile Include="includes\features\overlay\ImGui\imgui_impl_dx11.cpp">
      <Filter>Source Files</Filter>
    </ClCompile>
    <ClCompile Include="includes\features\overlay\ImGui\imgui_impl_win32.cpp">
      <Filter>Source Files</Filter>
    </ClCompile>
    <ClCompile Include="includes\features\overlay\ImGui\imgui_widgets.cpp">
      <Filter>Source Files</Filter>
    </ClCompile>
    <ClCompile Include="includes\sdk\hook\minhook\src\hde\hde32.c">
      <Filter>Source Files</Filter>
    </ClCompile>
    <ClCompile Include="includes\sdk\hook\minhook\src\hde\hde64.c">
      <Filter>Source Files</Filter>
    </ClCompile>
    <ClCompile Include="includes\sdk\hook\minhook\src\buffer.c">
      <Filter>Source Files</Filter>
    </ClCompile>
    <ClCompile Include="includes\sdk\hook\minhook\src\hook.c">
      <Filter>Source Files</Filter>
    </ClCompile>
    <ClCompile Include="includes\sdk\hook\minhook\src\trampoline.c">
      <Filter>Source Files</Filter>
    </ClCompile>
  </ItemGroup>
  <ItemGroup>
    <ClInclude Include="includes\modules\memory\memory.hpp">
      <Filter>Header Files</Filter>
    </ClInclude>
    <ClInclude Include="includes\modules\security\global.h">
      <Filter>Header Files</Filter>
    </ClInclude>
    <ClInclude Include="includes\modules\security\hidecall.h">
      <Filter>Header Files</Filter>
    </ClInclude>
    <ClInclude Include="includes\modules\security\lazy_importer.h">
      <Filter>Header Files</Filter>
    </ClInclude>
    <ClInclude Include="includes\modules\security\memory.h">
      <Filter>Header Files</Filter>
    </ClInclude>
    <ClInclude Include="includes\modules\security\SkCrypt.h">
      <Filter>Header Files</Filter>
    </ClInclude>
    <ClInclude Include="includes\modules\security\umium.h">
      <Filter>Header Files</Filter>
    </ClInclude>
    <ClInclude Include="includes\modules\security\xorstr.h">
      <Filter>Header Files</Filter>
    </ClInclude>
    <ClInclude Include="includes\modules\modules.hpp">
      <Filter>Header Files</Filter>
    </ClInclude>
    <ClInclude Include="includes\includes.hpp">
      <Filter>Header Files</Filter>
    </ClInclude>
    <ClInclude Include="includes\sdk\utils\utils.hpp">
      <Filter>Header Files</Filter>
    </ClInclude>
    <ClInclude Include="includes\sdk\hook\hook.hpp">
      <Filter>Header Files</Filter>
    </ClInclude>
    <ClInclude Include="includes\features\overlay\overlay.hpp">
      <Filter>Header Files</Filter>
    </ClInclude>
    <ClInclude Include="includes\sdk\interfaces\interfaces.hpp">
      <Filter>Header Files</Filter>
    </ClInclude>
    <ClInclude Include="includes\features\overlay\defines\defines.hpp">
      <Filter>Header Files</Filter>
    </ClInclude>
    <ClInclude Include="includes\features\overlay\DX11\DX11.hpp">
      <Filter>Header Files</Filter>
    </ClInclude>
    <ClInclude Include="includes\sdk\interfaces\Present\Present.hpp">
      <Filter>Header Files</Filter>
    </ClInclude>
    <ClInclude Include="includes\sdk\sdk.hpp">
      <Filter>Header Files</Filter>
    </ClInclude>
    <ClInclude Include="includes\sdk\interfaces\Cursor\Cursor.hpp">
      <Filter>Header Files</Filter>
    </ClInclude>
    <ClInclude Include="includes\sdk\interfaces\WndProc\WndProc.hpp">
      <Filter>Header Files</Filter>
    </ClInclude>
    <ClInclude Include="includes\features\overlay\ImGui\imconfig.h">
      <Filter>Header Files</Filter>
    </ClInclude>
    <ClInclude Include="includes\features\overlay\ImGui\imgui.h">
      <Filter>Header Files</Filter>
    </ClInclude>
    <ClInclude Include="includes\features\overlay\ImGui\imgui_color_gradient.h">
      <Filter>Header Files</Filter>
    </ClInclude>
    <ClInclude Include="includes\features\overlay\ImGui\imgui_impl_dx11.h">
      <Filter>Header Files</Filter>
    </ClInclude>
    <ClInclude Include="includes\features\overlay\ImGui\imgui_impl_win32.h">
      <Filter>Header Files</Filter>
    </ClInclude>
    <ClInclude Include="includes\features\overlay\ImGui\imgui_internal.h">
      <Filter>Header Files</Filter>
    </ClInclude>
    <ClInclude Include="includes\features\overlay\ImGui\imstb_rectpack.h">
      <Filter>Header Files</Filter>
    </ClInclude>
    <ClInclude Include="includes\features\overlay\ImGui\imstb_textedit.h">
      <Filter>Header Files</Filter>
    </ClInclude>
    <ClInclude Include="includes\features\overlay\ImGui\imstb_truetype.h">
      <Filter>Header Files</Filter>
    </ClInclude>
    <ClInclude Include="includes\features\overlay\window\window.hpp">
      <Filter>Header Files</Filter>
    </ClInclude>
    <ClInclude Include="includes\sdk\interfaces\src\Client\client.hpp">
      <Filter>Header Files</Filter>
    </ClInclude>
    <ClInclude Include="includes\sdk\interfaces\src\src.hpp">
      <Filter>Header Files</Filter>
    </ClInclude>
    <ClInclude Include="includes\sdk\utils\offsets\offsets.hpp">
      <Filter>Header Files</Filter>
    </ClInclude>
    <ClInclude Include="includes\sdk\utils\scanner\scanner.hpp">
      <Filter>Header Files</Filter>
    </ClInclude>
    <ClInclude Include="includes\sdk\utils\virtual_func\virtual_func.hpp">
      <Filter>Header Files</Filter>
    </ClInclude>
    <ClInclude Include="includes\sdk\apex_src\apex_src.hpp">
      <Filter>Header Files</Filter>
    </ClInclude>
    <ClInclude Include="includes\sdk\apex_src\cbaseentity\cbaseentity.hpp">
      <Filter>Header Files</Filter>
    </ClInclude>
    <ClInclude Include="includes\sdk\apex_src\cbasecombatweapons\cbasecombatweapon.hpp">
      <Filter>Header Files</Filter>
    </ClInclude>
    <ClInclude Include="includes\features\overlay\key_helper\key_helper.hpp">
      <Filter>Header Files</Filter>
    </ClInclude>
    <ClInclude Include="includes\sdk\utils\capture\capture.hpp">
      <Filter>Header Files</Filter>
    </ClInclude>
    <ClInclude Include="includes\features\overlay\Extra\extra.hpp">
      <Filter>Header Files</Filter>
    </ClInclude>
    <ClInclude Include="includes\features\variables\variables.hpp">
      <Filter>Header Files</Filter>
    </ClInclude>
    <ClInclude Include="includes\sdk\apex_src\cusercmd\cusercmd.hpp">
      <Filter>Header Files</Filter>
    </ClInclude>
    <ClInclude Include="includes\sdk\apex_src\engine\engine.hpp">
      <Filter>Header Files</Filter>
    </ClInclude>
    <ClInclude Include="includes\features\overlay\Tabs\tabs.hpp">
      <Filter>Header Files</Filter>
    </ClInclude>
    <ClInclude Include="includes\sdk\apex_src\baseclient\baseclient.hpp">
      <Filter>Header Files</Filter>
    </ClInclude>
    <ClInclude Include="includes\sdk\utils\netvars\netvars.hpp">
      <Filter>Header Files</Filter>
    </ClInclude>
    <ClInclude Include="includes\features\overlay\window\fonts\font_data.hpp">
      <Filter>Header Files</Filter>
    </ClInclude>
    <ClInclude Include="includes\features\overlay\window\fonts\icons_data.hpp">
      <Filter>Header Files</Filter>
    </ClInclude>
    <ClInclude Include="includes\sdk\utils\attach\attach.hpp">
      <Filter>Header Files</Filter>
    </ClInclude>
    <ClInclude Include="includes\sdk\apex_src\cglobalvars\cglobalvars.hpp">
      <Filter>Header Files</Filter>
    </ClInclude>
    <ClInclude Include="includes\sdk\apex_src\cliententitylist\cliententitylist.hpp">
      <Filter>Header Files</Filter>
    </ClInclude>
    <ClInclude Include="includes\sdk\apex_src\vguisystem\vguisystem.hpp">
      <Filter>Header Files</Filter>
    </ClInclude>
    <ClInclude Include="includes\features\visuals\visuals.hpp">
      <Filter>Header Files</Filter>
    </ClInclude>
    <ClInclude Include="includes\features\features.hpp">
      <Filter>Header Files</Filter>
    </ClInclude>
    <ClInclude Include="includes\features\Aimbot\Aimbot.hpp">
      <Filter>Header Files</Filter>
    </ClInclude>
    <ClInclude Include="includes\features\Aimbot\Prediection\Prediction.hpp">
      <Filter>Header Files</Filter>
    </ClInclude>
    <ClInclude Include="includes\sdk\utils\memory\memory.h">
      <Filter>Header Files</Filter>
    </ClInclude>
    <ClInclude Include="includes\modules\spoofer\spoofer.hpp">
      <Filter>Header Files</Filter>
    </ClInclude>
    <ClInclude Include="includes\sdk\hook\minhook\include\MinHook.h">
      <Filter>Header Files</Filter>
    </ClInclude>
    <ClInclude Include="includes\sdk\hook\minhook\src\hde\hde32.h">
      <Filter>Header Files</Filter>
    </ClInclude>
    <ClInclude Include="includes\sdk\hook\minhook\src\hde\hde64.h">
      <Filter>Header Files</Filter>
    </ClInclude>
    <ClInclude Include="includes\sdk\hook\minhook\src\hde\pstdint.h">
      <Filter>Header Files</Filter>
    </ClInclude>
    <ClInclude Include="includes\sdk\hook\minhook\src\hde\table32.h">
      <Filter>Header Files</Filter>
    </ClInclude>
    <ClInclude Include="includes\sdk\hook\minhook\src\hde\table64.h">
      <Filter>Header Files</Filter>
    </ClInclude>
    <ClInclude Include="includes\sdk\hook\minhook\src\buffer.h">
      <Filter>Header Files</Filter>
    </ClInclude>
    <ClInclude Include="includes\sdk\hook\minhook\src\trampoline.h">
      <Filter>Header Files</Filter>
    </ClInclude>
    <ClInclude Include="includes\sdk\eac\easyanticheat.hpp">
      <Filter>Header Files</Filter>
    </ClInclude>
    <ClInclude Include="includes\features\overlay\Image\Image.h">
      <Filter>Header Files</Filter>
    </ClInclude>
    <ClInclude Include="includes\modules\windows\windows_api.h">
      <Filter>Header Files</Filter>
    </ClInclude>
    <ClInclude Include="includes\features\Misc\Misc.h">
      <Filter>Header Files</Filter>
    </ClInclude>
  </ItemGroup>
  <ItemGroup>
    <MASM Include="includes\modules\spoofer\spoof.asm">
      <Filter>Source Files</Filter>
    </MASM>
  </ItemGroup>
  <ItemGroup>
    <None Include="includes\sdk\hook\minhook\dll_resources\MinHook.def">
      <Filter>Source Files</Filter>
    </None>
  </ItemGroup>
  <ItemGroup>
    <ResourceCompile Include="includes\sdk\hook\minhook\dll_resources\MinHook.rc">
      <Filter>Resource Files</Filter>
    </ResourceCompile>
  </ItemGroup>
</Project>